{
  "name": "drawflow-project",
  "version": "1.0.0",
  "lockfileVersion": 2,
  "requires": true,
  "packages": {
    "": {
      "name": "drawflow-project",
      "version": "1.0.0",
      "license": "ISC",
      "dependencies": {
        "drawflow": "^0.0.55"
      }
    },
    "node_modules/drawflow": {
      "version": "0.0.55",
      "resolved": "https://registry.npmjs.org/drawflow/-/drawflow-0.0.55.tgz",
      "integrity": "sha512-/FkJ2FxitsCWmZHMlhlMUS800wkLjaanthbekI0LQqqfn+K/MZHnTospYe/j0N4227Grc5q/SAxTJZmbIvu9FA=="
    }
  },
  "dependencies": {
    "drawflow": {
      "version": "0.0.55",
      "resolved": "https://registry.npmjs.org/drawflow/-/drawflow-0.0.55.tgz",
      "integrity": "sha512-/FkJ2FxitsCWmZHMlhlMUS800wkLjaanthbekI0LQqqfn+K/MZHnTospYe/j0N4227Grc5q/SAxTJZmbIvu9FA=="
    }
  }
}
